// !$*UTF8*$!
{
	archiveVersion = 1;
	classes = {
	};
	objectVersion = 46;
	objects = {

/* Begin PBXBuildFile section */
		0C263D3F1A2B4C8B001C563C /* FCPCoreDataImporter.m in Sources */ = {isa = PBXBuildFile; fileRef = 0C263D321A2B4C8B001C563C /* FCPCoreDataImporter.m */; };
		0C263D401A2B4C8B001C563C /* FCPCoreDataStore.m in Sources */ = {isa = PBXBuildFile; fileRef = 0C263D341A2B4C8B001C563C /* FCPCoreDataStore.m */; };
		0C263D411A2B4C8B001C563C /* NSFileManager+TBDirectories.m in Sources */ = {isa = PBXBuildFile; fileRef = 0C263D361A2B4C8B001C563C /* NSFileManager+TBDirectories.m */; };
		0C263D421A2B4C8B001C563C /* NSManagedObject+TBAdditions.m in Sources */ = {isa = PBXBuildFile; fileRef = 0C263D381A2B4C8B001C563C /* NSManagedObject+TBAdditions.m */; };
		0C263D431A2B4C8B001C563C /* NSManagedObjectContext+TBAdditions.m in Sources */ = {isa = PBXBuildFile; fileRef = 0C263D3A1A2B4C8B001C563C /* NSManagedObjectContext+TBAdditions.m */; };
		0C263D441A2B4C8B001C563C /* NSManagedObjectID+TBString.m in Sources */ = {isa = PBXBuildFile; fileRef = 0C263D3C1A2B4C8B001C563C /* NSManagedObjectID+TBString.m */; };
		0C263D451A2B4C8B001C563C /* Odigeo.xcdatamodeld in Sources */ = {isa = PBXBuildFile; fileRef = 0C263D3D1A2B4C8B001C563C /* Odigeo.xcdatamodeld */; };
		0C263D4C1A2B4C94001C563C /* backImage.png in Resources */ = {isa = PBXBuildFile; fileRef = 0C263D471A2B4C94001C563C /* backImage.png */; };
		0C263D4D1A2B4C94001C563C /* flight.png in Resources */ = {isa = PBXBuildFile; fileRef = 0C263D481A2B4C94001C563C /* flight.png */; };
		0C263D4E1A2B4C94001C563C /* gray.png in Resources */ = {isa = PBXBuildFile; fileRef = 0C263D491A2B4C94001C563C /* gray.png */; };
		0C263D4F1A2B4C94001C563C /* plane.png in Resources */ = {isa = PBXBuildFile; fileRef = 0C263D4A1A2B4C94001C563C /* plane.png */; };
		0C263D501A2B4C94001C563C /* whitePlane.png in Resources */ = {isa = PBXBuildFile; fileRef = 0C263D4B1A2B4C94001C563C /* whitePlane.png */; };
		0C263D591A2B4C9D001C563C /* ExtendedLog.m in Sources */ = {isa = PBXBuildFile; fileRef = 0C263D561A2B4C9D001C563C /* ExtendedLog.m */; };
		0C263D5D1A2B4CA5001C563C /* WSManager.m in Sources */ = {isa = PBXBuildFile; fileRef = 0C263D5C1A2B4CA5001C563C /* WSManager.m */; };
		0C263D661A2B4DFE001C563C /* ModelsTest.m in Sources */ = {isa = PBXBuildFile; fileRef = 0C263D5E1A2B4DFE001C563C /* ModelsTest.m */; };
		0C263D681A2B4DFE001C563C /* singleTicket.json in Resources */ = {isa = PBXBuildFile; fileRef = 0C263D611A2B4DFE001C563C /* singleTicket.json */; };
		0C263D691A2B4DFE001C563C /* tickets.json in Resources */ = {isa = PBXBuildFile; fileRef = 0C263D621A2B4DFE001C563C /* tickets.json */; };
		0C263D6A1A2B4DFE001C563C /* WSManagerTest.m in Sources */ = {isa = PBXBuildFile; fileRef = 0C263D631A2B4DFE001C563C /* WSManagerTest.m */; };
		0C263D6B1A2B4DFE001C563C /* XCTestCase+FCPHelper.m in Sources */ = {isa = PBXBuildFile; fileRef = 0C263D651A2B4DFE001C563C /* XCTestCase+FCPHelper.m */; };
		0C263D6D1A2B4E11001C563C /* FCPCoreDataImporterTests.m in Sources */ = {isa = PBXBuildFile; fileRef = 0C263D6C1A2B4E11001C563C /* FCPCoreDataImporterTests.m */; };
		0C263D721A2B553F001C563C /* currencyServiceTest.m in Sources */ = {isa = PBXBuildFile; fileRef = 0C263D711A2B553F001C563C /* currencyServiceTest.m */; };
		0C263D761A2B55DB001C563C /* WSCurrencyConverter.m in Sources */ = {isa = PBXBuildFile; fileRef = 0C263D751A2B55DB001C563C /* WSCurrencyConverter.m */; };
		0C263D771A2B55DB001C563C /* WSCurrencyConverter.m in Sources */ = {isa = PBXBuildFile; fileRef = 0C263D751A2B55DB001C563C /* WSCurrencyConverter.m */; };
		0C263D7A1A2B562D001C563C /* Constants.m in Sources */ = {isa = PBXBuildFile; fileRef = 0C263D781A2B562D001C563C /* Constants.m */; };
		0C263D841A2BB693001C563C /* UIView+LoadFromNib.m in Sources */ = {isa = PBXBuildFile; fileRef = 0C263D811A2BB693001C563C /* UIView+LoadFromNib.m */; };
		0C263D851A2BB693001C563C /* UIView+LoadFromNib.m in Sources */ = {isa = PBXBuildFile; fileRef = 0C263D811A2BB693001C563C /* UIView+LoadFromNib.m */; };
		0C263D861A2BB693001C563C /* UIViewController+io7Support.m in Sources */ = {isa = PBXBuildFile; fileRef = 0C263D831A2BB693001C563C /* UIViewController+io7Support.m */; };
		0C263D871A2BB693001C563C /* UIViewController+io7Support.m in Sources */ = {isa = PBXBuildFile; fileRef = 0C263D831A2BB693001C563C /* UIViewController+io7Support.m */; };
		0C263D891A2BBDF2001C563C /* ico-return2014.png in Resources */ = {isa = PBXBuildFile; fileRef = 0C263D881A2BBDF2001C563C /* ico-return2014.png */; };
		0C263D8B1A2BBDFA001C563C /* ico-departure2014.png in Resources */ = {isa = PBXBuildFile; fileRef = 0C263D8A1A2BBDFA001C563C /* ico-departure2014.png */; };
		0C263D8F1A2BBE44001C563C /* PriceTableViewCell.m in Sources */ = {isa = PBXBuildFile; fileRef = 0C263D8D1A2BBE44001C563C /* PriceTableViewCell.m */; };
		0C263D911A2BBE44001C563C /* PriceTableViewCell.xib in Resources */ = {isa = PBXBuildFile; fileRef = 0C263D8E1A2BBE44001C563C /* PriceTableViewCell.xib */; };
		0C263D921A2BBE44001C563C /* PriceTableViewCell.xib in Resources */ = {isa = PBXBuildFile; fileRef = 0C263D8E1A2BBE44001C563C /* PriceTableViewCell.xib */; };
		0C263D941A2BCB1E001C563C /* HomeViewControllerTest.m in Sources */ = {isa = PBXBuildFile; fileRef = 0C263D931A2BCB1E001C563C /* HomeViewControllerTest.m */; };
		0C3166851A2F71BF00834441 /* Flight.m in Sources */ = {isa = PBXBuildFile; fileRef = 0C3166841A2F71BF00834441 /* Flight.m */; };
		0C3166861A2F71BF00834441 /* Flight.m in Sources */ = {isa = PBXBuildFile; fileRef = 0C3166841A2F71BF00834441 /* Flight.m */; };
		0C31668D1A2F743300834441 /* Ticket.m in Sources */ = {isa = PBXBuildFile; fileRef = 0C31668C1A2F743300834441 /* Ticket.m */; };
		0C31668E1A2F743300834441 /* Ticket.m in Sources */ = {isa = PBXBuildFile; fileRef = 0C31668C1A2F743300834441 /* Ticket.m */; };
		0C3166911A2F881A00834441 /* GroupedAirlinesViewController.m in Sources */ = {isa = PBXBuildFile; fileRef = 0C3166901A2F881A00834441 /* GroupedAirlinesViewController.m */; };
		0C3166921A2F881B00834441 /* GroupedAirlinesViewController.m in Sources */ = {isa = PBXBuildFile; fileRef = 0C3166901A2F881A00834441 /* GroupedAirlinesViewController.m */; };
		0C3166951A2F930900834441 /* GroupedFlightsTableControllerViewController.m in Sources */ = {isa = PBXBuildFile; fileRef = 0C3166941A2F930900834441 /* GroupedFlightsTableControllerViewController.m */; };
		0C3166961A2F930900834441 /* GroupedFlightsTableControllerViewController.m in Sources */ = {isa = PBXBuildFile; fileRef = 0C3166941A2F930900834441 /* GroupedFlightsTableControllerViewController.m */; };
		0C473C1A1A2D942C00F2BEFA /* AirlinesListTableViewController.m in Sources */ = {isa = PBXBuildFile; fileRef = 0C473C181A2D942C00F2BEFA /* AirlinesListTableViewController.m */; };
		0C473C1B1A2D942C00F2BEFA /* AirlinesListTableViewController.xib in Resources */ = {isa = PBXBuildFile; fileRef = 0C473C191A2D942C00F2BEFA /* AirlinesListTableViewController.xib */; };
		0C473C1F1A2D976900F2BEFA /* AirlineTableViewCell.m in Sources */ = {isa = PBXBuildFile; fileRef = 0C473C1D1A2D976900F2BEFA /* AirlineTableViewCell.m */; };
		0C473C201A2D976900F2BEFA /* AirlineTableViewCell.xib in Resources */ = {isa = PBXBuildFile; fileRef = 0C473C1E1A2D976900F2BEFA /* AirlineTableViewCell.xib */; };
		0CC6123E1A2B473F00D4C9A9 /* main.m in Sources */ = {isa = PBXBuildFile; fileRef = 0CC6123D1A2B473F00D4C9A9 /* main.m */; };
		0CC612411A2B473F00D4C9A9 /* AppDelegate.m in Sources */ = {isa = PBXBuildFile; fileRef = 0CC612401A2B473F00D4C9A9 /* AppDelegate.m */; };
		0CC612491A2B473F00D4C9A9 /* Images.xcassets in Resources */ = {isa = PBXBuildFile; fileRef = 0CC612481A2B473F00D4C9A9 /* Images.xcassets */; };
		0CC612671A2B48D400D4C9A9 /* FetchedResultsControllerDataSource.m in Sources */ = {isa = PBXBuildFile; fileRef = 0CC612631A2B48D400D4C9A9 /* FetchedResultsControllerDataSource.m */; };
		0CC612681A2B48D400D4C9A9 /* HomeViewController.m in Sources */ = {isa = PBXBuildFile; fileRef = 0CC612651A2B48D400D4C9A9 /* HomeViewController.m */; };
		0CC612691A2B48D400D4C9A9 /* HomeViewController.xib in Resources */ = {isa = PBXBuildFile; fileRef = 0CC612661A2B48D400D4C9A9 /* HomeViewController.xib */; };
		0CC6126D1A2B492B00D4C9A9 /* TicketsTableViewController.m in Sources */ = {isa = PBXBuildFile; fileRef = 0CC6126B1A2B492B00D4C9A9 /* TicketsTableViewController.m */; };
		0CC6126E1A2B492B00D4C9A9 /* TicketsTableViewController.xib in Resources */ = {isa = PBXBuildFile; fileRef = 0CC6126C1A2B492B00D4C9A9 /* TicketsTableViewController.xib */; };
		0CC612741A2B494700D4C9A9 /* AnimationMessageView.m in Sources */ = {isa = PBXBuildFile; fileRef = 0CC612711A2B494700D4C9A9 /* AnimationMessageView.m */; };
		0CC612751A2B494700D4C9A9 /* UIImage+ImageEffects.m in Sources */ = {isa = PBXBuildFile; fileRef = 0CC612731A2B494700D4C9A9 /* UIImage+ImageEffects.m */; };
/* End PBXBuildFile section */

/* Begin PBXContainerItemProxy section */
		0CC612521A2B473F00D4C9A9 /* PBXContainerItemProxy */ = {
			isa = PBXContainerItemProxy;
			containerPortal = 0CC612301A2B473F00D4C9A9 /* Project object */;
			proxyType = 1;
			remoteGlobalIDString = 0CC612371A2B473F00D4C9A9;
			remoteInfo = Odigeo;
		};
/* End PBXContainerItemProxy section */

/* Begin PBXFileReference section */
		0C263D311A2B4C8B001C563C /* FCPCoreDataImporter.h */ = {isa = PBXFileReference; fileEncoding = 4; lastKnownFileType = sourcecode.c.h; path = FCPCoreDataImporter.h; sourceTree = "<group>"; };
		0C263D321A2B4C8B001C563C /* FCPCoreDataImporter.m */ = {isa = PBXFileReference; fileEncoding = 4; lastKnownFileType = sourcecode.c.objc; path = FCPCoreDataImporter.m; sourceTree = "<group>"; };
		0C263D331A2B4C8B001C563C /* FCPCoreDataStore.h */ = {isa = PBXFileReference; fileEncoding = 4; lastKnownFileType = sourcecode.c.h; path = FCPCoreDataStore.h; sourceTree = "<group>"; };
		0C263D341A2B4C8B001C563C /* FCPCoreDataStore.m */ = {isa = PBXFileReference; fileEncoding = 4; lastKnownFileType = sourcecode.c.objc; path = FCPCoreDataStore.m; sourceTree = "<group>"; };
		0C263D351A2B4C8B001C563C /* NSFileManager+TBDirectories.h */ = {isa = PBXFileReference; fileEncoding = 4; lastKnownFileType = sourcecode.c.h; path = "NSFileManager+TBDirectories.h"; sourceTree = "<group>"; };
		0C263D361A2B4C8B001C563C /* NSFileManager+TBDirectories.m */ = {isa = PBXFileReference; fileEncoding = 4; lastKnownFileType = sourcecode.c.objc; path = "NSFileManager+TBDirectories.m"; sourceTree = "<group>"; };
		0C263D371A2B4C8B001C563C /* NSManagedObject+TBAdditions.h */ = {isa = PBXFileReference; fileEncoding = 4; lastKnownFileType = sourcecode.c.h; path = "NSManagedObject+TBAdditions.h"; sourceTree = "<group>"; };
		0C263D381A2B4C8B001C563C /* NSManagedObject+TBAdditions.m */ = {isa = PBXFileReference; fileEncoding = 4; lastKnownFileType = sourcecode.c.objc; path = "NSManagedObject+TBAdditions.m"; sourceTree = "<group>"; };
		0C263D391A2B4C8B001C563C /* NSManagedObjectContext+TBAdditions.h */ = {isa = PBXFileReference; fileEncoding = 4; lastKnownFileType = sourcecode.c.h; path = "NSManagedObjectContext+TBAdditions.h"; sourceTree = "<group>"; };
		0C263D3A1A2B4C8B001C563C /* NSManagedObjectContext+TBAdditions.m */ = {isa = PBXFileReference; fileEncoding = 4; lastKnownFileType = sourcecode.c.objc; path = "NSManagedObjectContext+TBAdditions.m"; sourceTree = "<group>"; };
		0C263D3B1A2B4C8B001C563C /* NSManagedObjectID+TBString.h */ = {isa = PBXFileReference; fileEncoding = 4; lastKnownFileType = sourcecode.c.h; path = "NSManagedObjectID+TBString.h"; sourceTree = "<group>"; };
		0C263D3C1A2B4C8B001C563C /* NSManagedObjectID+TBString.m */ = {isa = PBXFileReference; fileEncoding = 4; lastKnownFileType = sourcecode.c.objc; path = "NSManagedObjectID+TBString.m"; sourceTree = "<group>"; };
		0C263D3E1A2B4C8B001C563C /* Odigeo.xcdatamodel */ = {isa = PBXFileReference; lastKnownFileType = wrapper.xcdatamodel; path = Odigeo.xcdatamodel; sourceTree = "<group>"; };
		0C263D471A2B4C94001C563C /* backImage.png */ = {isa = PBXFileReference; lastKnownFileType = image.png; path = backImage.png; sourceTree = "<group>"; };
		0C263D481A2B4C94001C563C /* flight.png */ = {isa = PBXFileReference; lastKnownFileType = image.png; path = flight.png; sourceTree = "<group>"; };
		0C263D491A2B4C94001C563C /* gray.png */ = {isa = PBXFileReference; lastKnownFileType = image.png; path = gray.png; sourceTree = "<group>"; };
		0C263D4A1A2B4C94001C563C /* plane.png */ = {isa = PBXFileReference; lastKnownFileType = image.png; path = plane.png; sourceTree = "<group>"; };
		0C263D4B1A2B4C94001C563C /* whitePlane.png */ = {isa = PBXFileReference; lastKnownFileType = image.png; path = whitePlane.png; sourceTree = "<group>"; };
		0C263D551A2B4C9D001C563C /* ExtendedLog.h */ = {isa = PBXFileReference; fileEncoding = 4; lastKnownFileType = sourcecode.c.h; path = ExtendedLog.h; sourceTree = "<group>"; };
		0C263D561A2B4C9D001C563C /* ExtendedLog.m */ = {isa = PBXFileReference; fileEncoding = 4; lastKnownFileType = sourcecode.c.objc; path = ExtendedLog.m; sourceTree = "<group>"; };
		0C263D571A2B4C9D001C563C /* Macros.h */ = {isa = PBXFileReference; fileEncoding = 4; lastKnownFileType = sourcecode.c.h; path = Macros.h; sourceTree = "<group>"; };
		0C263D5B1A2B4CA5001C563C /* WSManager.h */ = {isa = PBXFileReference; fileEncoding = 4; lastKnownFileType = sourcecode.c.h; name = WSManager.h; path = ../WSManager/WSManager.h; sourceTree = "<group>"; };
		0C263D5C1A2B4CA5001C563C /* WSManager.m */ = {isa = PBXFileReference; fileEncoding = 4; lastKnownFileType = sourcecode.c.objc; name = WSManager.m; path = ../WSManager/WSManager.m; sourceTree = "<group>"; };
		0C263D5E1A2B4DFE001C563C /* ModelsTest.m */ = {isa = PBXFileReference; fileEncoding = 4; lastKnownFileType = sourcecode.c.objc; path = ModelsTest.m; sourceTree = "<group>"; };
		0C263D611A2B4DFE001C563C /* singleTicket.json */ = {isa = PBXFileReference; fileEncoding = 4; lastKnownFileType = text.json; path = singleTicket.json; sourceTree = "<group>"; };
		0C263D621A2B4DFE001C563C /* tickets.json */ = {isa = PBXFileReference; fileEncoding = 4; lastKnownFileType = text.json; path = tickets.json; sourceTree = "<group>"; };
		0C263D631A2B4DFE001C563C /* WSManagerTest.m */ = {isa = PBXFileReference; fileEncoding = 4; lastKnownFileType = sourcecode.c.objc; path = WSManagerTest.m; sourceTree = "<group>"; };
		0C263D641A2B4DFE001C563C /* XCTestCase+FCPHelper.h */ = {isa = PBXFileReference; fileEncoding = 4; lastKnownFileType = sourcecode.c.h; path = "XCTestCase+FCPHelper.h"; sourceTree = "<group>"; };
		0C263D651A2B4DFE001C563C /* XCTestCase+FCPHelper.m */ = {isa = PBXFileReference; fileEncoding = 4; lastKnownFileType = sourcecode.c.objc; path = "XCTestCase+FCPHelper.m"; sourceTree = "<group>"; };
		0C263D6C1A2B4E11001C563C /* FCPCoreDataImporterTests.m */ = {isa = PBXFileReference; fileEncoding = 4; lastKnownFileType = sourcecode.c.objc; path = FCPCoreDataImporterTests.m; sourceTree = "<group>"; };
		0C263D701A2B4EF7001C563C /* Odigeo-prefix.pch */ = {isa = PBXFileReference; fileEncoding = 4; lastKnownFileType = sourcecode.c.h; path = "Odigeo-prefix.pch"; sourceTree = "<group>"; };
		0C263D711A2B553F001C563C /* currencyServiceTest.m */ = {isa = PBXFileReference; fileEncoding = 4; lastKnownFileType = sourcecode.c.objc; path = currencyServiceTest.m; sourceTree = "<group>"; };
		0C263D741A2B55DB001C563C /* WSCurrencyConverter.h */ = {isa = PBXFileReference; fileEncoding = 4; lastKnownFileType = sourcecode.c.h; path = WSCurrencyConverter.h; sourceTree = "<group>"; };
		0C263D751A2B55DB001C563C /* WSCurrencyConverter.m */ = {isa = PBXFileReference; fileEncoding = 4; lastKnownFileType = sourcecode.c.objc; path = WSCurrencyConverter.m; sourceTree = "<group>"; };
		0C263D781A2B562D001C563C /* Constants.m */ = {isa = PBXFileReference; fileEncoding = 4; lastKnownFileType = sourcecode.c.objc; path = Constants.m; sourceTree = "<group>"; };
		0C263D791A2B562D001C563C /* Constants.h */ = {isa = PBXFileReference; fileEncoding = 4; lastKnownFileType = sourcecode.c.h; path = Constants.h; sourceTree = "<group>"; };
		0C263D801A2BB693001C563C /* UIView+LoadFromNib.h */ = {isa = PBXFileReference; fileEncoding = 4; lastKnownFileType = sourcecode.c.h; path = "UIView+LoadFromNib.h"; sourceTree = "<group>"; };
		0C263D811A2BB693001C563C /* UIView+LoadFromNib.m */ = {isa = PBXFileReference; fileEncoding = 4; lastKnownFileType = sourcecode.c.objc; path = "UIView+LoadFromNib.m"; sourceTree = "<group>"; };
		0C263D821A2BB693001C563C /* UIViewController+io7Support.h */ = {isa = PBXFileReference; fileEncoding = 4; lastKnownFileType = sourcecode.c.h; path = "UIViewController+io7Support.h"; sourceTree = "<group>"; };
		0C263D831A2BB693001C563C /* UIViewController+io7Support.m */ = {isa = PBXFileReference; fileEncoding = 4; lastKnownFileType = sourcecode.c.objc; path = "UIViewController+io7Support.m"; sourceTree = "<group>"; };
		0C263D881A2BBDF2001C563C /* ico-return2014.png */ = {isa = PBXFileReference; lastKnownFileType = image.png; path = "ico-return2014.png"; sourceTree = "<group>"; };
		0C263D8A1A2BBDFA001C563C /* ico-departure2014.png */ = {isa = PBXFileReference; lastKnownFileType = image.png; path = "ico-departure2014.png"; sourceTree = "<group>"; };
		0C263D8C1A2BBE44001C563C /* PriceTableViewCell.h */ = {isa = PBXFileReference; fileEncoding = 4; lastKnownFileType = sourcecode.c.h; path = PriceTableViewCell.h; sourceTree = "<group>"; };
		0C263D8D1A2BBE44001C563C /* PriceTableViewCell.m */ = {isa = PBXFileReference; fileEncoding = 4; lastKnownFileType = sourcecode.c.objc; path = PriceTableViewCell.m; sourceTree = "<group>"; };
		0C263D8E1A2BBE44001C563C /* PriceTableViewCell.xib */ = {isa = PBXFileReference; fileEncoding = 4; lastKnownFileType = file.xib; path = PriceTableViewCell.xib; sourceTree = "<group>"; };
		0C263D931A2BCB1E001C563C /* HomeViewControllerTest.m */ = {isa = PBXFileReference; fileEncoding = 4; lastKnownFileType = sourcecode.c.objc; path = HomeViewControllerTest.m; sourceTree = "<group>"; };
		0C3166831A2F71BF00834441 /* Flight.h */ = {isa = PBXFileReference; fileEncoding = 4; lastKnownFileType = sourcecode.c.h; path = Flight.h; sourceTree = "<group>"; };
		0C3166841A2F71BF00834441 /* Flight.m */ = {isa = PBXFileReference; fileEncoding = 4; lastKnownFileType = sourcecode.c.objc; path = Flight.m; sourceTree = "<group>"; };
		0C31668B1A2F743300834441 /* Ticket.h */ = {isa = PBXFileReference; fileEncoding = 4; lastKnownFileType = sourcecode.c.h; path = Ticket.h; sourceTree = "<group>"; };
		0C31668C1A2F743300834441 /* Ticket.m */ = {isa = PBXFileReference; fileEncoding = 4; lastKnownFileType = sourcecode.c.objc; path = Ticket.m; sourceTree = "<group>"; };
		0C31668F1A2F881A00834441 /* GroupedAirlinesViewController.h */ = {isa = PBXFileReference; fileEncoding = 4; lastKnownFileType = sourcecode.c.h; path = GroupedAirlinesViewController.h; sourceTree = "<group>"; };
		0C3166901A2F881A00834441 /* GroupedAirlinesViewController.m */ = {isa = PBXFileReference; fileEncoding = 4; lastKnownFileType = sourcecode.c.objc; path = GroupedAirlinesViewController.m; sourceTree = "<group>"; };
		0C3166931A2F930900834441 /* GroupedFlightsTableControllerViewController.h */ = {isa = PBXFileReference; fileEncoding = 4; lastKnownFileType = sourcecode.c.h; path = GroupedFlightsTableControllerViewController.h; sourceTree = "<group>"; };
		0C3166941A2F930900834441 /* GroupedFlightsTableControllerViewController.m */ = {isa = PBXFileReference; fileEncoding = 4; lastKnownFileType = sourcecode.c.objc; path = GroupedFlightsTableControllerViewController.m; sourceTree = "<group>"; };
		0C473C171A2D942C00F2BEFA /* AirlinesListTableViewController.h */ = {isa = PBXFileReference; fileEncoding = 4; lastKnownFileType = sourcecode.c.h; path = AirlinesListTableViewController.h; sourceTree = "<group>"; };
		0C473C181A2D942C00F2BEFA /* AirlinesListTableViewController.m */ = {isa = PBXFileReference; fileEncoding = 4; lastKnownFileType = sourcecode.c.objc; path = AirlinesListTableViewController.m; sourceTree = "<group>"; };
		0C473C191A2D942C00F2BEFA /* AirlinesListTableViewController.xib */ = {isa = PBXFileReference; fileEncoding = 4; lastKnownFileType = file.xib; path = AirlinesListTableViewController.xib; sourceTree = "<group>"; };
		0C473C1C1A2D976900F2BEFA /* AirlineTableViewCell.h */ = {isa = PBXFileReference; fileEncoding = 4; lastKnownFileType = sourcecode.c.h; path = AirlineTableViewCell.h; sourceTree = "<group>"; };
		0C473C1D1A2D976900F2BEFA /* AirlineTableViewCell.m */ = {isa = PBXFileReference; fileEncoding = 4; lastKnownFileType = sourcecode.c.objc; path = AirlineTableViewCell.m; sourceTree = "<group>"; };
		0C473C1E1A2D976900F2BEFA /* AirlineTableViewCell.xib */ = {isa = PBXFileReference; fileEncoding = 4; lastKnownFileType = file.xib; path = AirlineTableViewCell.xib; sourceTree = "<group>"; };
		0CC612381A2B473F00D4C9A9 /* Odigeo.app */ = {isa = PBXFileReference; explicitFileType = wrapper.application; includeInIndex = 0; path = Odigeo.app; sourceTree = BUILT_PRODUCTS_DIR; };
		0CC6123C1A2B473F00D4C9A9 /* Info.plist */ = {isa = PBXFileReference; lastKnownFileType = text.plist.xml; path = Info.plist; sourceTree = "<group>"; };
		0CC6123D1A2B473F00D4C9A9 /* main.m */ = {isa = PBXFileReference; lastKnownFileType = sourcecode.c.objc; path = main.m; sourceTree = "<group>"; };
		0CC6123F1A2B473F00D4C9A9 /* AppDelegate.h */ = {isa = PBXFileReference; lastKnownFileType = sourcecode.c.h; path = AppDelegate.h; sourceTree = "<group>"; };
		0CC612401A2B473F00D4C9A9 /* AppDelegate.m */ = {isa = PBXFileReference; lastKnownFileType = sourcecode.c.objc; path = AppDelegate.m; sourceTree = "<group>"; };
		0CC612481A2B473F00D4C9A9 /* Images.xcassets */ = {isa = PBXFileReference; lastKnownFileType = folder.assetcatalog; path = Images.xcassets; sourceTree = "<group>"; };
		0CC612511A2B473F00D4C9A9 /* OdigeoTests.xctest */ = {isa = PBXFileReference; explicitFileType = wrapper.cfbundle; includeInIndex = 0; path = OdigeoTests.xctest; sourceTree = BUILT_PRODUCTS_DIR; };
		0CC612561A2B473F00D4C9A9 /* Info.plist */ = {isa = PBXFileReference; lastKnownFileType = text.plist.xml; path = Info.plist; sourceTree = "<group>"; };
		0CC612621A2B48D400D4C9A9 /* FetchedResultsControllerDataSource.h */ = {isa = PBXFileReference; fileEncoding = 4; lastKnownFileType = sourcecode.c.h; path = FetchedResultsControllerDataSource.h; sourceTree = "<group>"; };
		0CC612631A2B48D400D4C9A9 /* FetchedResultsControllerDataSource.m */ = {isa = PBXFileReference; fileEncoding = 4; lastKnownFileType = sourcecode.c.objc; path = FetchedResultsControllerDataSource.m; sourceTree = "<group>"; };
		0CC612641A2B48D400D4C9A9 /* HomeViewController.h */ = {isa = PBXFileReference; fileEncoding = 4; lastKnownFileType = sourcecode.c.h; path = HomeViewController.h; sourceTree = "<group>"; };
		0CC612651A2B48D400D4C9A9 /* HomeViewController.m */ = {isa = PBXFileReference; fileEncoding = 4; lastKnownFileType = sourcecode.c.objc; path = HomeViewController.m; sourceTree = "<group>"; };
		0CC612661A2B48D400D4C9A9 /* HomeViewController.xib */ = {isa = PBXFileReference; fileEncoding = 4; lastKnownFileType = file.xib; path = HomeViewController.xib; sourceTree = "<group>"; };
		0CC6126A1A2B492B00D4C9A9 /* TicketsTableViewController.h */ = {isa = PBXFileReference; fileEncoding = 4; lastKnownFileType = sourcecode.c.h; path = TicketsTableViewController.h; sourceTree = "<group>"; };
		0CC6126B1A2B492B00D4C9A9 /* TicketsTableViewController.m */ = {isa = PBXFileReference; fileEncoding = 4; lastKnownFileType = sourcecode.c.objc; path = TicketsTableViewController.m; sourceTree = "<group>"; };
		0CC6126C1A2B492B00D4C9A9 /* TicketsTableViewController.xib */ = {isa = PBXFileReference; fileEncoding = 4; lastKnownFileType = file.xib; path = TicketsTableViewController.xib; sourceTree = "<group>"; };
		0CC612701A2B494700D4C9A9 /* AnimationMessageView.h */ = {isa = PBXFileReference; fileEncoding = 4; lastKnownFileType = sourcecode.c.h; path = AnimationMessageView.h; sourceTree = "<group>"; };
		0CC612711A2B494700D4C9A9 /* AnimationMessageView.m */ = {isa = PBXFileReference; fileEncoding = 4; lastKnownFileType = sourcecode.c.objc; path = AnimationMessageView.m; sourceTree = "<group>"; };
		0CC612721A2B494700D4C9A9 /* UIImage+ImageEffects.h */ = {isa = PBXFileReference; fileEncoding = 4; lastKnownFileType = sourcecode.c.h; path = "UIImage+ImageEffects.h"; sourceTree = "<group>"; };
		0CC612731A2B494700D4C9A9 /* UIImage+ImageEffects.m */ = {isa = PBXFileReference; fileEncoding = 4; lastKnownFileType = sourcecode.c.objc; path = "UIImage+ImageEffects.m"; sourceTree = "<group>"; };
/* End PBXFileReference section */

/* Begin PBXFrameworksBuildPhase section */
		0CC612351A2B473F00D4C9A9 /* Frameworks */ = {
			isa = PBXFrameworksBuildPhase;
			buildActionMask = 2147483647;
			files = (
			);
			runOnlyForDeploymentPostprocessing = 0;
		};
		0CC6124E1A2B473F00D4C9A9 /* Frameworks */ = {
			isa = PBXFrameworksBuildPhase;
			buildActionMask = 2147483647;
			files = (
			);
			runOnlyForDeploymentPostprocessing = 0;
		};
/* End PBXFrameworksBuildPhase section */

/* Begin PBXGroup section */
		0C263D301A2B4C8B001C563C /* CoreDataStore */ = {
			isa = PBXGroup;
			children = (
				0C263D311A2B4C8B001C563C /* FCPCoreDataImporter.h */,
				0C263D321A2B4C8B001C563C /* FCPCoreDataImporter.m */,
				0C263D331A2B4C8B001C563C /* FCPCoreDataStore.h */,
				0C263D341A2B4C8B001C563C /* FCPCoreDataStore.m */,
				0C263D351A2B4C8B001C563C /* NSFileManager+TBDirectories.h */,
				0C263D361A2B4C8B001C563C /* NSFileManager+TBDirectories.m */,
				0C263D371A2B4C8B001C563C /* NSManagedObject+TBAdditions.h */,
				0C263D381A2B4C8B001C563C /* NSManagedObject+TBAdditions.m */,
				0C263D391A2B4C8B001C563C /* NSManagedObjectContext+TBAdditions.h */,
				0C263D3A1A2B4C8B001C563C /* NSManagedObjectContext+TBAdditions.m */,
				0C263D3B1A2B4C8B001C563C /* NSManagedObjectID+TBString.h */,
				0C263D3C1A2B4C8B001C563C /* NSManagedObjectID+TBString.m */,
				0C263D3D1A2B4C8B001C563C /* Odigeo.xcdatamodeld */,
			);
			path = CoreDataStore;
			sourceTree = "<group>";
		};
		0C263D461A2B4C94001C563C /* Resources */ = {
			isa = PBXGroup;
			children = (
				0C263D8A1A2BBDFA001C563C /* ico-departure2014.png */,
				0C263D881A2BBDF2001C563C /* ico-return2014.png */,
				0C263D791A2B562D001C563C /* Constants.h */,
				0C263D781A2B562D001C563C /* Constants.m */,
				0C263D471A2B4C94001C563C /* backImage.png */,
				0C263D481A2B4C94001C563C /* flight.png */,
				0C263D491A2B4C94001C563C /* gray.png */,
				0C263D4A1A2B4C94001C563C /* plane.png */,
				0C263D4B1A2B4C94001C563C /* whitePlane.png */,
			);
			path = Resources;
			sourceTree = "<group>";
		};
		0C263D511A2B4C9D001C563C /* Utils */ = {
			isa = PBXGroup;
			children = (
				0C263D7F1A2BB693001C563C /* Categories */,
				0C263D541A2B4C9D001C563C /* Macros */,
			);
			path = Utils;
			sourceTree = "<group>";
		};
		0C263D541A2B4C9D001C563C /* Macros */ = {
			isa = PBXGroup;
			children = (
				0C263D551A2B4C9D001C563C /* ExtendedLog.h */,
				0C263D561A2B4C9D001C563C /* ExtendedLog.m */,
				0C263D571A2B4C9D001C563C /* Macros.h */,
			);
			path = Macros;
			sourceTree = "<group>";
		};
		0C263D601A2B4DFE001C563C /* testingData */ = {
			isa = PBXGroup;
			children = (
				0C263D611A2B4DFE001C563C /* singleTicket.json */,
				0C263D621A2B4DFE001C563C /* tickets.json */,
			);
			path = testingData;
			sourceTree = "<group>";
		};
		0C263D6E1A2B4E47001C563C /* testHeperCategories */ = {
			isa = PBXGroup;
			children = (
				0C263D641A2B4DFE001C563C /* XCTestCase+FCPHelper.h */,
				0C263D651A2B4DFE001C563C /* XCTestCase+FCPHelper.m */,
			);
			name = testHeperCategories;
			sourceTree = "<group>";
		};
		0C263D731A2B55A6001C563C /* WebServices */ = {
			isa = PBXGroup;
			children = (
				0C263D5B1A2B4CA5001C563C /* WSManager.h */,
				0C263D5C1A2B4CA5001C563C /* WSManager.m */,
				0C263D741A2B55DB001C563C /* WSCurrencyConverter.h */,
				0C263D751A2B55DB001C563C /* WSCurrencyConverter.m */,
			);
			name = WebServices;
			path = Services;
			sourceTree = "<group>";
		};
		0C263D7F1A2BB693001C563C /* Categories */ = {
			isa = PBXGroup;
			children = (
				0C263D801A2BB693001C563C /* UIView+LoadFromNib.h */,
				0C263D811A2BB693001C563C /* UIView+LoadFromNib.m */,
				0C263D821A2BB693001C563C /* UIViewController+io7Support.h */,
				0C263D831A2BB693001C563C /* UIViewController+io7Support.m */,
			);
			path = Categories;
			sourceTree = "<group>";
		};
		0CC6122F1A2B473F00D4C9A9 = {
			isa = PBXGroup;
			children = (
				0CC6123A1A2B473F00D4C9A9 /* Odigeo */,
				0CC612541A2B473F00D4C9A9 /* OdigeoTests */,
				0CC612391A2B473F00D4C9A9 /* Products */,
			);
			sourceTree = "<group>";
		};
		0CC612391A2B473F00D4C9A9 /* Products */ = {
			isa = PBXGroup;
			children = (
				0CC612381A2B473F00D4C9A9 /* Odigeo.app */,
				0CC612511A2B473F00D4C9A9 /* OdigeoTests.xctest */,
			);
			name = Products;
			sourceTree = "<group>";
		};
		0CC6123A1A2B473F00D4C9A9 /* Odigeo */ = {
			isa = PBXGroup;
			children = (
				0C263D731A2B55A6001C563C /* WebServices */,
				0C263D511A2B4C9D001C563C /* Utils */,
				0C263D461A2B4C94001C563C /* Resources */,
				0C263D301A2B4C8B001C563C /* CoreDataStore */,
				0CC612761A2B49B300D4C9A9 /* Model */,
				0CC6126F1A2B494700D4C9A9 /* View */,
				0CC612611A2B48D400D4C9A9 /* ViewControllers */,
				0CC6123F1A2B473F00D4C9A9 /* AppDelegate.h */,
				0CC612401A2B473F00D4C9A9 /* AppDelegate.m */,
				0CC612481A2B473F00D4C9A9 /* Images.xcassets */,
				0CC6123B1A2B473F00D4C9A9 /* Supporting Files */,
			);
			path = Odigeo;
			sourceTree = "<group>";
		};
		0CC6123B1A2B473F00D4C9A9 /* Supporting Files */ = {
			isa = PBXGroup;
			children = (
				0C263D701A2B4EF7001C563C /* Odigeo-prefix.pch */,
				0CC6123C1A2B473F00D4C9A9 /* Info.plist */,
				0CC6123D1A2B473F00D4C9A9 /* main.m */,
			);
			name = "Supporting Files";
			sourceTree = "<group>";
		};
		0CC612541A2B473F00D4C9A9 /* OdigeoTests */ = {
			isa = PBXGroup;
			children = (
				0CC612551A2B473F00D4C9A9 /* Supporting Files */,
				0C263D601A2B4DFE001C563C /* testingData */,
				0C263D6E1A2B4E47001C563C /* testHeperCategories */,
				0C263D6C1A2B4E11001C563C /* FCPCoreDataImporterTests.m */,
				0C263D5E1A2B4DFE001C563C /* ModelsTest.m */,
				0C263D631A2B4DFE001C563C /* WSManagerTest.m */,
				0C263D711A2B553F001C563C /* currencyServiceTest.m */,
				0C263D931A2BCB1E001C563C /* HomeViewControllerTest.m */,
			);
			path = OdigeoTests;
			sourceTree = "<group>";
		};
		0CC612551A2B473F00D4C9A9 /* Supporting Files */ = {
			isa = PBXGroup;
			children = (
				0CC612561A2B473F00D4C9A9 /* Info.plist */,
			);
			name = "Supporting Files";
			sourceTree = "<group>";
		};
		0CC612611A2B48D400D4C9A9 /* ViewControllers */ = {
			isa = PBXGroup;
			children = (
				0CC6126A1A2B492B00D4C9A9 /* TicketsTableViewController.h */,
				0CC6126B1A2B492B00D4C9A9 /* TicketsTableViewController.m */,
				0CC6126C1A2B492B00D4C9A9 /* TicketsTableViewController.xib */,
				0CC612621A2B48D400D4C9A9 /* FetchedResultsControllerDataSource.h */,
				0CC612631A2B48D400D4C9A9 /* FetchedResultsControllerDataSource.m */,
				0CC612641A2B48D400D4C9A9 /* HomeViewController.h */,
				0CC612651A2B48D400D4C9A9 /* HomeViewController.m */,
				0CC612661A2B48D400D4C9A9 /* HomeViewController.xib */,
				0C473C171A2D942C00F2BEFA /* AirlinesListTableViewController.h */,
				0C473C181A2D942C00F2BEFA /* AirlinesListTableViewController.m */,
				0C473C191A2D942C00F2BEFA /* AirlinesListTableViewController.xib */,
				0C31668F1A2F881A00834441 /* GroupedAirlinesViewController.h */,
				0C3166901A2F881A00834441 /* GroupedAirlinesViewController.m */,
				0C3166931A2F930900834441 /* GroupedFlightsTableControllerViewController.h */,
				0C3166941A2F930900834441 /* GroupedFlightsTableControllerViewController.m */,
			);
			path = ViewControllers;
			sourceTree = "<group>";
		};
		0CC6126F1A2B494700D4C9A9 /* View */ = {
			isa = PBXGroup;
			children = (
				0CC612701A2B494700D4C9A9 /* AnimationMessageView.h */,
				0CC612711A2B494700D4C9A9 /* AnimationMessageView.m */,
				0CC612721A2B494700D4C9A9 /* UIImage+ImageEffects.h */,
				0CC612731A2B494700D4C9A9 /* UIImage+ImageEffects.m */,
				0C263D8C1A2BBE44001C563C /* PriceTableViewCell.h */,
				0C263D8D1A2BBE44001C563C /* PriceTableViewCell.m */,
				0C263D8E1A2BBE44001C563C /* PriceTableViewCell.xib */,
				0C473C1C1A2D976900F2BEFA /* AirlineTableViewCell.h */,
				0C473C1D1A2D976900F2BEFA /* AirlineTableViewCell.m */,
				0C473C1E1A2D976900F2BEFA /* AirlineTableViewCell.xib */,
			);
			path = View;
			sourceTree = "<group>";
		};
		0CC612761A2B49B300D4C9A9 /* Model */ = {
			isa = PBXGroup;
			children = (
				0C31668B1A2F743300834441 /* Ticket.h */,
				0C31668C1A2F743300834441 /* Ticket.m */,
				0C3166831A2F71BF00834441 /* Flight.h */,
				0C3166841A2F71BF00834441 /* Flight.m */,
			);
			path = Model;
			sourceTree = "<group>";
		};
/* End PBXGroup section */

/* Begin PBXNativeTarget section */
		0CC612371A2B473F00D4C9A9 /* Odigeo */ = {
			isa = PBXNativeTarget;
			buildConfigurationList = 0CC6125B1A2B473F00D4C9A9 /* Build configuration list for PBXNativeTarget "Odigeo" */;
			buildPhases = (
				0CC612341A2B473F00D4C9A9 /* Sources */,
				0CC612351A2B473F00D4C9A9 /* Frameworks */,
				0CC612361A2B473F00D4C9A9 /* Resources */,
			);
			buildRules = (
			);
			dependencies = (
			);
			name = Odigeo;
			productName = Odigeo;
			productReference = 0CC612381A2B473F00D4C9A9 /* Odigeo.app */;
			productType = "com.apple.product-type.application";
		};
		0CC612501A2B473F00D4C9A9 /* OdigeoTests */ = {
			isa = PBXNativeTarget;
			buildConfigurationList = 0CC6125E1A2B473F00D4C9A9 /* Build configuration list for PBXNativeTarget "OdigeoTests" */;
			buildPhases = (
				0CC6124D1A2B473F00D4C9A9 /* Sources */,
				0CC6124E1A2B473F00D4C9A9 /* Frameworks */,
				0CC6124F1A2B473F00D4C9A9 /* Resources */,
			);
			buildRules = (
			);
			dependencies = (
				0CC612531A2B473F00D4C9A9 /* PBXTargetDependency */,
			);
			name = OdigeoTests;
			productName = OdigeoTests;
			productReference = 0CC612511A2B473F00D4C9A9 /* OdigeoTests.xctest */;
			productType = "com.apple.product-type.bundle.unit-test";
		};
/* End PBXNativeTarget section */

/* Begin PBXProject section */
		0CC612301A2B473F00D4C9A9 /* Project object */ = {
			isa = PBXProject;
			attributes = {
				LastUpgradeCheck = 0600;
				ORGANIZATIONNAME = "Fernando Canon";
				TargetAttributes = {
					0CC612371A2B473F00D4C9A9 = {
						CreatedOnToolsVersion = 6.0.1;
					};
					0CC612501A2B473F00D4C9A9 = {
						CreatedOnToolsVersion = 6.0.1;
						TestTargetID = 0CC612371A2B473F00D4C9A9;
					};
				};
			};
			buildConfigurationList = 0CC612331A2B473F00D4C9A9 /* Build configuration list for PBXProject "Odigeo" */;
			compatibilityVersion = "Xcode 3.2";
			developmentRegion = English;
			hasScannedForEncodings = 0;
			knownRegions = (
				en,
				Base,
			);
			mainGroup = 0CC6122F1A2B473F00D4C9A9;
			productRefGroup = 0CC612391A2B473F00D4C9A9 /* Products */;
			projectDirPath = "";
			projectRoot = "";
			targets = (
				0CC612371A2B473F00D4C9A9 /* Odigeo */,
				0CC612501A2B473F00D4C9A9 /* OdigeoTests */,
			);
		};
/* End PBXProject section */

/* Begin PBXResourcesBuildPhase section */
		0CC612361A2B473F00D4C9A9 /* Resources */ = {
			isa = PBXResourcesBuildPhase;
			buildActionMask = 2147483647;
			files = (
				0C263D911A2BBE44001C563C /* PriceTableViewCell.xib in Resources */,
				0C263D4C1A2B4C94001C563C /* backImage.png in Resources */,
				0CC6126E1A2B492B00D4C9A9 /* TicketsTableViewController.xib in Resources */,
				0C263D501A2B4C94001C563C /* whitePlane.png in Resources */,
				0C263D4E1A2B4C94001C563C /* gray.png in Resources */,
				0C263D891A2BBDF2001C563C /* ico-return2014.png in Resources */,
				0CC612491A2B473F00D4C9A9 /* Images.xcassets in Resources */,
				0C263D4D1A2B4C94001C563C /* flight.png in Resources */,
				0C263D4F1A2B4C94001C563C /* plane.png in Resources */,
				0C263D8B1A2BBDFA001C563C /* ico-departure2014.png in Resources */,
				0C473C1B1A2D942C00F2BEFA /* AirlinesListTableViewController.xib in Resources */,
				0CC612691A2B48D400D4C9A9 /* HomeViewController.xib in Resources */,
				0C473C201A2D976900F2BEFA /* AirlineTableViewCell.xib in Resources */,
			);
			runOnlyForDeploymentPostprocessing = 0;
		};
		0CC6124F1A2B473F00D4C9A9 /* Resources */ = {
			isa = PBXResourcesBuildPhase;
			buildActionMask = 2147483647;
			files = (
				0C263D921A2BBE44001C563C /* PriceTableViewCell.xib in Resources */,
				0C263D681A2B4DFE001C563C /* singleTicket.json in Resources */,
				0C263D691A2B4DFE001C563C /* tickets.json in Resources */,
			);
			runOnlyForDeploymentPostprocessing = 0;
		};
/* End PBXResourcesBuildPhase section */

/* Begin PBXSourcesBuildPhase section */
		0CC612341A2B473F00D4C9A9 /* Sources */ = {
			isa = PBXSourcesBuildPhase;
			buildActionMask = 2147483647;
			files = (
				0C263D861A2BB693001C563C /* UIViewController+io7Support.m in Sources */,
				0C263D411A2B4C8B001C563C /* NSFileManager+TBDirectories.m in Sources */,
				0C263D441A2B4C8B001C563C /* NSManagedObjectID+TBString.m in Sources */,
				0C263D3F1A2B4C8B001C563C /* FCPCoreDataImporter.m in Sources */,
				0CC6126D1A2B492B00D4C9A9 /* TicketsTableViewController.m in Sources */,
				0CC612741A2B494700D4C9A9 /* AnimationMessageView.m in Sources */,
				0C263D7A1A2B562D001C563C /* Constants.m in Sources */,
				0C263D841A2BB693001C563C /* UIView+LoadFromNib.m in Sources */,
				0C263D8F1A2BBE44001C563C /* PriceTableViewCell.m in Sources */,
				0C263D761A2B55DB001C563C /* WSCurrencyConverter.m in Sources */,
				0C31668D1A2F743300834441 /* Ticket.m in Sources */,
				0CC612751A2B494700D4C9A9 /* UIImage+ImageEffects.m in Sources */,
				0CC612411A2B473F00D4C9A9 /* AppDelegate.m in Sources */,
				0C473C1F1A2D976900F2BEFA /* AirlineTableViewCell.m in Sources */,
				0C3166951A2F930900834441 /* GroupedFlightsTableControllerViewController.m in Sources */,
				0C473C1A1A2D942C00F2BEFA /* AirlinesListTableViewController.m in Sources */,
				0C263D5D1A2B4CA5001C563C /* WSManager.m in Sources */,
				0CC6123E1A2B473F00D4C9A9 /* main.m in Sources */,
				0C263D451A2B4C8B001C563C /* Odigeo.xcdatamodeld in Sources */,
				0C263D431A2B4C8B001C563C /* NSManagedObjectContext+TBAdditions.m in Sources */,
				0C3166851A2F71BF00834441 /* Flight.m in Sources */,
				0C263D421A2B4C8B001C563C /* NSManagedObject+TBAdditions.m in Sources */,
				0CC612671A2B48D400D4C9A9 /* FetchedResultsControllerDataSource.m in Sources */,
				0C263D591A2B4C9D001C563C /* ExtendedLog.m in Sources */,
				0CC612681A2B48D400D4C9A9 /* HomeViewController.m in Sources */,
				0C3166911A2F881A00834441 /* GroupedAirlinesViewController.m in Sources */,
				0C263D401A2B4C8B001C563C /* FCPCoreDataStore.m in Sources */,
			);
			runOnlyForDeploymentPostprocessing = 0;
		};
		0CC6124D1A2B473F00D4C9A9 /* Sources */ = {
			isa = PBXSourcesBuildPhase;
			buildActionMask = 2147483647;
			files = (
				0C263D661A2B4DFE001C563C /* ModelsTest.m in Sources */,
				0C263D6B1A2B4DFE001C563C /* XCTestCase+FCPHelper.m in Sources */,
				0C263D6A1A2B4DFE001C563C /* WSManagerTest.m in Sources */,
				0C263D941A2BCB1E001C563C /* HomeViewControllerTest.m in Sources */,
				0C263D721A2B553F001C563C /* currencyServiceTest.m in Sources */,
				0C263D851A2BB693001C563C /* UIView+LoadFromNib.m in Sources */,
				0C3166861A2F71BF00834441 /* Flight.m in Sources */,
				0C263D6D1A2B4E11001C563C /* FCPCoreDataImporterTests.m in Sources */,
				0C3166961A2F930900834441 /* GroupedFlightsTableControllerViewController.m in Sources */,
				0C31668E1A2F743300834441 /* Ticket.m in Sources */,
				0C263D871A2BB693001C563C /* UIViewController+io7Support.m in Sources */,
				0C3166921A2F881B00834441 /* GroupedAirlinesViewController.m in Sources */,
				0C263D771A2B55DB001C563C /* WSCurrencyConverter.m in Sources */,
			);
			runOnlyForDeploymentPostprocessing = 0;
		};
/* End PBXSourcesBuildPhase section */

/* Begin PBXTargetDependency section */
		0CC612531A2B473F00D4C9A9 /* PBXTargetDependency */ = {
			isa = PBXTargetDependency;
			target = 0CC612371A2B473F00D4C9A9 /* Odigeo */;
			targetProxy = 0CC612521A2B473F00D4C9A9 /* PBXContainerItemProxy */;
		};
/* End PBXTargetDependency section */

/* Begin XCBuildConfiguration section */
		0CC612591A2B473F00D4C9A9 /* Debug */ = {
			isa = XCBuildConfiguration;
			buildSettings = {
				ALWAYS_SEARCH_USER_PATHS = NO;
				CLANG_CXX_LANGUAGE_STANDARD = "gnu++0x";
				CLANG_CXX_LIBRARY = "libc++";
				CLANG_ENABLE_MODULES = YES;
				CLANG_ENABLE_OBJC_ARC = YES;
				CLANG_WARN_BOOL_CONVERSION = YES;
				CLANG_WARN_CONSTANT_CONVERSION = YES;
				CLANG_WARN_DIRECT_OBJC_ISA_USAGE = YES_ERROR;
				CLANG_WARN_EMPTY_BODY = YES;
				CLANG_WARN_ENUM_CONVERSION = YES;
				CLANG_WARN_INT_CONVERSION = YES;
				CLANG_WARN_OBJC_ROOT_CLASS = YES_ERROR;
				CLANG_WARN_UNREACHABLE_CODE = YES;
				CLANG_WARN__DUPLICATE_METHOD_MATCH = YES;
				"CODE_SIGN_IDENTITY[sdk=iphoneos*]" = "iPhone Developer";
				COPY_PHASE_STRIP = NO;
				ENABLE_STRICT_OBJC_MSGSEND = YES;
				GCC_C_LANGUAGE_STANDARD = gnu99;
				GCC_DYNAMIC_NO_PIC = NO;
				GCC_OPTIMIZATION_LEVEL = 0;
				GCC_PREPROCESSOR_DEFINITIONS = (
					"DEBUG=1",
					"$(inherited)",
				);
				GCC_SYMBOLS_PRIVATE_EXTERN = NO;
				GCC_WARN_64_TO_32_BIT_CONVERSION = YES;
				GCC_WARN_ABOUT_RETURN_TYPE = YES_ERROR;
				GCC_WARN_UNDECLARED_SELECTOR = YES;
				GCC_WARN_UNINITIALIZED_AUTOS = YES_AGGRESSIVE;
				GCC_WARN_UNUSED_FUNCTION = YES;
				GCC_WARN_UNUSED_VARIABLE = YES;
				IPHONEOS_DEPLOYMENT_TARGET = 7.0;
				MTL_ENABLE_DEBUG_INFO = YES;
				ONLY_ACTIVE_ARCH = YES;
				SDKROOT = iphoneos;
				TARGETED_DEVICE_FAMILY = "1,2";
			};
			name = Debug;
		};
		0CC6125A1A2B473F00D4C9A9 /* Release */ = {
			isa = XCBuildConfiguration;
			buildSettings = {
				ALWAYS_SEARCH_USER_PATHS = NO;
				CLANG_CXX_LANGUAGE_STANDARD = "gnu++0x";
				CLANG_CXX_LIBRARY = "libc++";
				CLANG_ENABLE_MODULES = YES;
				CLANG_ENABLE_OBJC_ARC = YES;
				CLANG_WARN_BOOL_CONVERSION = YES;
				CLANG_WARN_CONSTANT_CONVERSION = YES;
				CLANG_WARN_DIRECT_OBJC_ISA_USAGE = YES_ERROR;
				CLANG_WARN_EMPTY_BODY = YES;
				CLANG_WARN_ENUM_CONVERSION = YES;
				CLANG_WARN_INT_CONVERSION = YES;
				CLANG_WARN_OBJC_ROOT_CLASS = YES_ERROR;
				CLANG_WARN_UNREACHABLE_CODE = YES;
				CLANG_WARN__DUPLICATE_METHOD_MATCH = YES;
				"CODE_SIGN_IDENTITY[sdk=iphoneos*]" = "iPhone Developer";
				COPY_PHASE_STRIP = YES;
				ENABLE_NS_ASSERTIONS = NO;
				ENABLE_STRICT_OBJC_MSGSEND = YES;
				GCC_C_LANGUAGE_STANDARD = gnu99;
				GCC_WARN_64_TO_32_BIT_CONVERSION = YES;
				GCC_WARN_ABOUT_RETURN_TYPE = YES_ERROR;
				GCC_WARN_UNDECLARED_SELECTOR = YES;
				GCC_WARN_UNINITIALIZED_AUTOS = YES_AGGRESSIVE;
				GCC_WARN_UNUSED_FUNCTION = YES;
				GCC_WARN_UNUSED_VARIABLE = YES;
				IPHONEOS_DEPLOYMENT_TARGET = 7.0;
				MTL_ENABLE_DEBUG_INFO = NO;
				SDKROOT = iphoneos;
				TARGETED_DEVICE_FAMILY = "1,2";
				VALIDATE_PRODUCT = YES;
			};
			name = Release;
		};
		0CC6125C1A2B473F00D4C9A9 /* Debug */ = {
			isa = XCBuildConfiguration;
			buildSettings = {
				ASSETCATALOG_COMPILER_APPICON_NAME = AppIcon;
				GCC_PREFIX_HEADER = "Odigeo/Odigeo-prefix.pch";
				INFOPLIST_FILE = Odigeo/Info.plist;
				LD_RUNPATH_SEARCH_PATHS = "$(inherited) @executable_path/Frameworks";
				PRODUCT_NAME = "$(TARGET_NAME)";
			};
			name = Debug;
		};
		0CC6125D1A2B473F00D4C9A9 /* Release */ = {
			isa = XCBuildConfiguration;
			buildSettings = {
				ASSETCATALOG_COMPILER_APPICON_NAME = AppIcon;
				GCC_PREFIX_HEADER = "Odigeo/Odigeo-prefix.pch";
				INFOPLIST_FILE = Odigeo/Info.plist;
				LD_RUNPATH_SEARCH_PATHS = "$(inherited) @executable_path/Frameworks";
				PRODUCT_NAME = "$(TARGET_NAME)";
			};
			name = Release;
		};
		0CC6125F1A2B473F00D4C9A9 /* Debug */ = {
			isa = XCBuildConfiguration;
			buildSettings = {
				BUNDLE_LOADER = "$(TEST_HOST)";
				FRAMEWORK_SEARCH_PATHS = (
					"$(SDKROOT)/Developer/Library/Frameworks",
					"$(inherited)",
				);
				GCC_PREPROCESSOR_DEFINITIONS = (
					"DEBUG=1",
					"$(inherited)",
				);
				INFOPLIST_FILE = OdigeoTests/Info.plist;
				LD_RUNPATH_SEARCH_PATHS = "$(inherited) @executable_path/Frameworks @loader_path/Frameworks";
				PRODUCT_NAME = "$(TARGET_NAME)";
				TEST_HOST = "$(BUILT_PRODUCTS_DIR)/Odigeo.app/Odigeo";
			};
			name = Debug;
		};
		0CC612601A2B473F00D4C9A9 /* Release */ = {
			isa = XCBuildConfiguration;
			buildSettings = {
				BUNDLE_LOADER = "$(TEST_HOST)";
				FRAMEWORK_SEARCH_PATHS = (
					"$(SDKROOT)/Developer/Library/Frameworks",
					"$(inherited)",
				);
				INFOPLIST_FILE = OdigeoTests/Info.plist;
				LD_RUNPATH_SEARCH_PATHS = "$(inherited) @executable_path/Frameworks @loader_path/Frameworks";
				PRODUCT_NAME = "$(TARGET_NAME)";
				TEST_HOST = "$(BUILT_PRODUCTS_DIR)/Odigeo.app/Odigeo";
			};
			name = Release;
		};
/* End XCBuildConfiguration section */

/* Begin XCConfigurationList section */
		0CC612331A2B473F00D4C9A9 /* Build configuration list for PBXProject "Odigeo" */ = {
			isa = XCConfigurationList;
			buildConfigurations = (
				0CC612591A2B473F00D4C9A9 /* Debug */,
				0CC6125A1A2B473F00D4C9A9 /* Release */,
			);
			defaultConfigurationIsVisible = 0;
			defaultConfigurationName = Release;
		};
		0CC6125B1A2B473F00D4C9A9 /* Build configuration list for PBXNativeTarget "Odigeo" */ = {
			isa = XCConfigurationList;
			buildConfigurations = (
				0CC6125C1A2B473F00D4C9A9 /* Debug */,
				0CC6125D1A2B473F00D4C9A9 /* Release */,
			);
			defaultConfigurationIsVisible = 0;
			defaultConfigurationName = Release;
		};
		0CC6125E1A2B473F00D4C9A9 /* Build configuration list for PBXNativeTarget "OdigeoTests" */ = {
			isa = XCConfigurationList;
			buildConfigurations = (
				0CC6125F1A2B473F00D4C9A9 /* Debug */,
				0CC612601A2B473F00D4C9A9 /* Release */,
			);
			defaultConfigurationIsVisible = 0;
			defaultConfigurationName = Release;
		};
/* End XCConfigurationList section */

/* Begin XCVersionGroup section */
		0C263D3D1A2B4C8B001C563C /* Odigeo.xcdatamodeld */ = {
			isa = XCVersionGroup;
			children = (
				0C263D3E1A2B4C8B001C563C /* Odigeo.xcdatamodel */,
			);
			currentVersion = 0C263D3E1A2B4C8B001C563C /* Odigeo.xcdatamodel */;
			path = Odigeo.xcdatamodeld;
			sourceTree = "<group>";
			versionGroupType = wrapper.xcdatamodel;
		};
/* End XCVersionGroup section */
	};
	rootObject = 0CC612301A2B473F00D4C9A9 /* Project object */;
}
